
Microsoft Visual Studio Solution File, Format Version 12.00
# Visual Studio Version 16
VisualStudioVersion = 16.0.29521.150
MinimumVisualStudioVersion = 10.0.40219.1
Project("{2150E333-8FDC-42A3-9474-1A3956D46DE8}") = "Domain", "Domain", "{C726FF70-EC64-4880-9607-A00D803CB281}"
EndProject
Project("{2150E333-8FDC-42A3-9474-1A3956D46DE8}") = "Infrastructure", "Infrastructure", "{A1E47614-A155-4695-887B-DB4A6A6B4411}"
EndProject
Project("{2150E333-8FDC-42A3-9474-1A3956D46DE8}") = "Presentation", "Presentation", "{96FFB90B-0B1E-4ED3-9519-5D6CDCC85072}"
EndProject
Project("{2150E333-8FDC-42A3-9474-1A3956D46DE8}") = "src", "src", "{884703CD-ABC5-4BDF-9177-BB9255ADCBE7}"
EndProject
Project("{9A19103F-16F7-4668-BE54-9A1E7A4F7556}") = "App.Domain", "src\App.Domain\App.Domain.csproj", "{A22B4C7F-B22A-477F-885D-6542A0E86DB0}"
EndProject
Project("{9A19103F-16F7-4668-BE54-9A1E7A4F7556}") = "App.Infrastructure.Persistence", "src\App.Infrastructure.Persistence\App.Infrastructure.Persistence.csproj", "{371FF80C-1C7D-401B-ADF6-4267107308FA}"
EndProject
Project("{9A19103F-16F7-4668-BE54-9A1E7A4F7556}") = "App.Infrastructure.CrossCutting.IoC", "src\App.Infrastructure.CrossCutting.IoC\App.Infrastructure.CrossCutting.IoC.csproj", "{B56F0FA6-2EBF-4A71-B0FB-FFBC614164C7}"
EndProject
Project("{2150E333-8FDC-42A3-9474-1A3956D46DE8}") = "Application", "Application", "{76733B5B-0EBB-413B-985B-37A8D20925A8}"
EndProject
Project("{9A19103F-16F7-4668-BE54-9A1E7A4F7556}") = "App.Application", "src\App.Application\App.Application.csproj", "{DC2F7131-8BCE-4285-AF6D-50969074F793}"
EndProject
Project("{9A19103F-16F7-4668-BE54-9A1E7A4F7556}") = "App.Infrastructure.CrossCutting.Identity", "src\App.Infrastructure.CrossCutting.Identity\App.Infrastructure.CrossCutting.Identity.csproj", "{4326DF3C-CE0D-4B0E-94F1-02528EC33BD4}"
EndProject
Project("{9A19103F-16F7-4668-BE54-9A1E7A4F7556}") = "App.Admin", "src\App.Admin\App.Admin.csproj", "{06A360CD-847E-4D34-ACB7-3EB45D2AF040}"
EndProject
Project("{9A19103F-16F7-4668-BE54-9A1E7A4F7556}") = "App.Api", "src\App.Api\App.Api.csproj", "{0C08820A-1A2A-4A59-8571-FF901927F0C9}"
EndProject
Project("{2150E333-8FDC-42A3-9474-1A3956D46DE8}") = "Tests", "Tests", "{4C8BDE21-4574-482E-AD92-DFF23F672A46}"
EndProject
Project("{FAE04EC0-301F-11D3-BF4B-00C04F79EFBC}") = "App.Tests", "Tests\App.Tests\App.Tests.csproj", "{556DA310-7E9C-483C-9ADE-CFFA5A131DB0}"
EndProject
Global
	GlobalSection(SolutionConfigurationPlatforms) = preSolution
		Debug|Any CPU = Debug|Any CPU
		Release|Any CPU = Release|Any CPU
	EndGlobalSection
	GlobalSection(ProjectConfigurationPlatforms) = postSolution
		{A22B4C7F-B22A-477F-885D-6542A0E86DB0}.Debug|Any CPU.ActiveCfg = Debug|Any CPU
		{A22B4C7F-B22A-477F-885D-6542A0E86DB0}.Debug|Any CPU.Build.0 = Debug|Any CPU
		{A22B4C7F-B22A-477F-885D-6542A0E86DB0}.Release|Any CPU.ActiveCfg = Release|Any CPU
		{A22B4C7F-B22A-477F-885D-6542A0E86DB0}.Release|Any CPU.Build.0 = Release|Any CPU
		{371FF80C-1C7D-401B-ADF6-4267107308FA}.Debug|Any CPU.ActiveCfg = Debug|Any CPU
		{371FF80C-1C7D-401B-ADF6-4267107308FA}.Debug|Any CPU.Build.0 = Debug|Any CPU
		{371FF80C-1C7D-401B-ADF6-4267107308FA}.Release|Any CPU.ActiveCfg = Release|Any CPU
		{371FF80C-1C7D-401B-ADF6-4267107308FA}.Release|Any CPU.Build.0 = Release|Any CPU
		{B56F0FA6-2EBF-4A71-B0FB-FFBC614164C7}.Debug|Any CPU.ActiveCfg = Debug|Any CPU
		{B56F0FA6-2EBF-4A71-B0FB-FFBC614164C7}.Debug|Any CPU.Build.0 = Debug|Any CPU
		{B56F0FA6-2EBF-4A71-B0FB-FFBC614164C7}.Release|Any CPU.ActiveCfg = Release|Any CPU
		{B56F0FA6-2EBF-4A71-B0FB-FFBC614164C7}.Release|Any CPU.Build.0 = Release|Any CPU
		{DC2F7131-8BCE-4285-AF6D-50969074F793}.Debug|Any CPU.ActiveCfg = Debug|Any CPU
		{DC2F7131-8BCE-4285-AF6D-50969074F793}.Debug|Any CPU.Build.0 = Debug|Any CPU
		{DC2F7131-8BCE-4285-AF6D-50969074F793}.Release|Any CPU.ActiveCfg = Release|Any CPU
		{DC2F7131-8BCE-4285-AF6D-50969074F793}.Release|Any CPU.Build.0 = Release|Any CPU
		{4326DF3C-CE0D-4B0E-94F1-02528EC33BD4}.Debug|Any CPU.ActiveCfg = Debug|Any CPU
		{4326DF3C-CE0D-4B0E-94F1-02528EC33BD4}.Debug|Any CPU.Build.0 = Debug|Any CPU
		{4326DF3C-CE0D-4B0E-94F1-02528EC33BD4}.Release|Any CPU.ActiveCfg = Release|Any CPU
		{4326DF3C-CE0D-4B0E-94F1-02528EC33BD4}.Release|Any CPU.Build.0 = Release|Any CPU
		{06A360CD-847E-4D34-ACB7-3EB45D2AF040}.Debug|Any CPU.ActiveCfg = Debug|Any CPU
		{06A360CD-847E-4D34-ACB7-3EB45D2AF040}.Debug|Any CPU.Build.0 = Debug|Any CPU
		{06A360CD-847E-4D34-ACB7-3EB45D2AF040}.Release|Any CPU.ActiveCfg = Release|Any CPU
		{06A360CD-847E-4D34-ACB7-3EB45D2AF040}.Release|Any CPU.Build.0 = Release|Any CPU
		{0C08820A-1A2A-4A59-8571-FF901927F0C9}.Debug|Any CPU.ActiveCfg = Debug|Any CPU
		{0C08820A-1A2A-4A59-8571-FF901927F0C9}.Debug|Any CPU.Build.0 = Debug|Any CPU
		{0C08820A-1A2A-4A59-8571-FF901927F0C9}.Release|Any CPU.ActiveCfg = Release|Any CPU
		{0C08820A-1A2A-4A59-8571-FF901927F0C9}.Release|Any CPU.Build.0 = Release|Any CPU
		{556DA310-7E9C-483C-9ADE-CFFA5A131DB0}.Debug|Any CPU.ActiveCfg = Debug|Any CPU
		{556DA310-7E9C-483C-9ADE-CFFA5A131DB0}.Debug|Any CPU.Build.0 = Debug|Any CPU
		{556DA310-7E9C-483C-9ADE-CFFA5A131DB0}.Release|Any CPU.ActiveCfg = Release|Any CPU
		{556DA310-7E9C-483C-9ADE-CFFA5A131DB0}.Release|Any CPU.Build.0 = Release|Any CPU
	EndGlobalSection
	GlobalSection(SolutionProperties) = preSolution
		HideSolutionNode = FALSE
	EndGlobalSection
	GlobalSection(NestedProjects) = preSolution
		{C726FF70-EC64-4880-9607-A00D803CB281} = {884703CD-ABC5-4BDF-9177-BB9255ADCBE7}
		{A1E47614-A155-4695-887B-DB4A6A6B4411} = {884703CD-ABC5-4BDF-9177-BB9255ADCBE7}
		{96FFB90B-0B1E-4ED3-9519-5D6CDCC85072} = {884703CD-ABC5-4BDF-9177-BB9255ADCBE7}
		{A22B4C7F-B22A-477F-885D-6542A0E86DB0} = {C726FF70-EC64-4880-9607-A00D803CB281}
		{371FF80C-1C7D-401B-ADF6-4267107308FA} = {A1E47614-A155-4695-887B-DB4A6A6B4411}
		{B56F0FA6-2EBF-4A71-B0FB-FFBC614164C7} = {A1E47614-A155-4695-887B-DB4A6A6B4411}
		{76733B5B-0EBB-413B-985B-37A8D20925A8} = {884703CD-ABC5-4BDF-9177-BB9255ADCBE7}
		{DC2F7131-8BCE-4285-AF6D-50969074F793} = {76733B5B-0EBB-413B-985B-37A8D20925A8}
		{4326DF3C-CE0D-4B0E-94F1-02528EC33BD4} = {A1E47614-A155-4695-887B-DB4A6A6B4411}
		{06A360CD-847E-4D34-ACB7-3EB45D2AF040} = {96FFB90B-0B1E-4ED3-9519-5D6CDCC85072}
		{0C08820A-1A2A-4A59-8571-FF901927F0C9} = {96FFB90B-0B1E-4ED3-9519-5D6CDCC85072}
		{556DA310-7E9C-483C-9ADE-CFFA5A131DB0} = {4C8BDE21-4574-482E-AD92-DFF23F672A46}
	EndGlobalSection
	GlobalSection(ExtensibilityGlobals) = postSolution
		SolutionGuid = {190C817A-50B8-4A5F-978E-1724B7201A13}
	EndGlobalSection
EndGlobal
